
Microsoft Visual Studio Solution File, Format Version 12.00
# Visual Studio Version 17
VisualStudioVersion = 17.9.34723.18
MinimumVisualStudioVersion = 10.0.40219.1
Project("{9A19103F-16F7-4668-BE54-9A1E7A4F7556}") = "TestClient", "TestClient\TestClient.csproj", "{1CD5C385-DD94-4DB3-8FE0-FF02BF2631E4}"
EndProject
Project("{9A19103F-16F7-4668-BE54-9A1E7A4F7556}") = "IASDK", "IASDK\IASDK.csproj", "{692761DC-56AD-4391-9F4A-8339C60AB462}"
EndProject
Project("{FAE04EC0-301F-11D3-BF4B-00C04F79EFBC}") = "IASDK.Tests", "IASDK.Tests\IASDK.Tests.csproj", "{CB1E65E1-B32D-4B62-9EC5-8318444EC519}"
EndProject
Global
	GlobalSection(SolutionConfigurationPlatforms) = preSolution
		Debug|Any CPU = Debug|Any CPU
		Release|Any CPU = Release|Any CPU
	EndGlobalSection
	GlobalSection(ProjectConfigurationPlatforms) = postSolution
		{1CD5C385-DD94-4DB3-8FE0-FF02BF2631E4}.Debug|Any CPU.ActiveCfg = Debug|Any CPU
		{1CD5C385-DD94-4DB3-8FE0-FF02BF2631E4}.Debug|Any CPU.Build.0 = Debug|Any CPU
		{1CD5C385-DD94-4DB3-8FE0-FF02BF2631E4}.Release|Any CPU.ActiveCfg = Release|Any CPU
		{1CD5C385-DD94-4DB3-8FE0-FF02BF2631E4}.Release|Any CPU.Build.0 = Release|Any CPU
		{692761DC-56AD-4391-9F4A-8339C60AB462}.Debug|Any CPU.ActiveCfg = Debug|Any CPU
		{692761DC-56AD-4391-9F4A-8339C60AB462}.Debug|Any CPU.Build.0 = Debug|Any CPU
		{692761DC-56AD-4391-9F4A-8339C60AB462}.Release|Any CPU.ActiveCfg = Release|Any CPU
		{692761DC-56AD-4391-9F4A-8339C60AB462}.Release|Any CPU.Build.0 = Release|Any CPU
		{CB1E65E1-B32D-4B62-9EC5-8318444EC519}.Debug|Any CPU.ActiveCfg = Debug|Any CPU
		{CB1E65E1-B32D-4B62-9EC5-8318444EC519}.Debug|Any CPU.Build.0 = Debug|Any CPU
		{CB1E65E1-B32D-4B62-9EC5-8318444EC519}.Release|Any CPU.ActiveCfg = Release|Any CPU
		{CB1E65E1-B32D-4B62-9EC5-8318444EC519}.Release|Any CPU.Build.0 = Release|Any CPU
	EndGlobalSection
	GlobalSection(SolutionProperties) = preSolution
		HideSolutionNode = FALSE
	EndGlobalSection
EndGlobal
